
Microsoft Visual Studio Solution File, Format Version 12.00
# Visual Studio Version 17
VisualStudioVersion = 17.9.34728.123
MinimumVisualStudioVersion = 10.0.40219.1
Project("{FAE04EC0-301F-11D3-BF4B-00C04F79EFBC}") = "PetAdoption", "PetAdoption.csproj", "{1B197613-EC58-4E80-A66E-2BD548068600}"
EndProject
Global
	GlobalSection(SolutionConfigurationPlatforms) = preSolution
		Debug|Any CPU = Debug|Any CPU
		Release|Any CPU = Release|Any CPU
	EndGlobalSection
	GlobalSection(ProjectConfigurationPlatforms) = postSolution
		{1B197613-EC58-4E80-A66E-2BD548068600}.Debug|Any CPU.ActiveCfg = Debug|Any CPU
		{1B197613-EC58-4E80-A66E-2BD548068600}.Debug|Any CPU.Build.0 = Debug|Any CPU
		{1B197613-EC58-4E80-A66E-2BD548068600}.Release|Any CPU.ActiveCfg = Release|Any CPU
		{1B197613-EC58-4E80-A66E-2BD548068600}.Release|Any CPU.Build.0 = Release|Any CPU
	EndGlobalSection
	GlobalSection(SolutionProperties) = preSolution
		HideSolutionNode = FALSE
	EndGlobalSection
	GlobalSection(ExtensibilityGlobals) = postSolution
		SolutionGuid = {33FB6E10-14D8-4151-B6D0-71F0EA35A769}
	EndGlobalSection
EndGlobal
